# This file was autogenerated by Stack.
# You should not edit this file by hand.
# For more information, please see the documentation at:
#   https://docs.haskellstack.org/en/stable/lock_files

packages:
- completed:
    hackage: text-1.2.4.0@sha256:8c24450feb8e3bbb7ea3e17af24ef57e85db077c4bf53e5bcc345b283d1b1d5b,10081
    pantry-tree:
      size: 7457
      sha256: 3437b0a73ce2ae1a81aa8b3438d41a85981c00894cdbee0d6d6d6873046a5d5d
  original:
    hackage: text-1.2.4.0
- completed:
    hackage: megaparsec-8.0.0@sha256:362f85e243ecbcb550e1de6e5c74ba5a50c09edaa1208c99bc5b9fd242227fc6,3808
    pantry-tree:
      size: 1446
      sha256: 955117c00a86970f2d0c215f33cf5293b16589c04678a0a790c03368ab6fd0aa
  original:
    hackage: megaparsec-8.0.0
- completed:
    hackage: indents-0.5.0.1@sha256:ee53395fda933cb696a28d9fd2fe0afdb08e3ba1275bd4249fa25319c87b5735,1539
    pantry-tree:
      size: 545
      sha256: 9c0ca196629397378373ce062e2e518ec1276f0532ffd5bb6ac6b89c12d49713
  original:
    hackage: indents-0.5.0.1
- completed:
    hackage: pretty-simple-3.3.0.0@sha256:c74f9c3c7234daddddfe2f0567adaced9c40e7c72c24abc3224fc2dcb5a350a2,4137
    pantry-tree:
      size: 1406
      sha256: 62cf97761c85ae877d91bfe06dd62be1de846be7b821a28f11e0922b3d4eff38
  original:
    hackage: pretty-simple-3.3.0.0
- completed:
    hackage: llvm-hs-9.0.1@sha256:ee6ec2eb8cba4daf2a43586388a87dbfd6a2ec6d81d1f9965896ac187acad286,8700
    pantry-tree:
      size: 13599
      sha256: 537616dec1351bd9f7905182f82f132359cf3058ebbb059c03b4edcef04b2689
  original:
    hackage: llvm-hs-9.0.1
- completed:
    hackage: llvm-hs-pure-9.0.0@sha256:134779f40086a366279f678e670b610d7a7618b28dd43f65894078fd20e04629,2945
    pantry-tree:
      size: 2600
      sha256: f1a83aa959b69b72342997fc4fdc352086bc3b9f306cfb6a4c8bbc850d36b4fb
  original:
    hackage: llvm-hs-pure-9.0.0
- completed:
    hackage: hspec-2.7.1@sha256:0aa48928ce80a34f8ff8c5ef114bb6807edfb8d884bcd7211eceed710e7fb7a8,1769
    pantry-tree:
      size: 532
      sha256: 8128733a7ef4760bbe5d978f2145fdcb29f4491b17db11e8c05b409441ceecb4
  original:
    hackage: hspec-2.7.1
snapshots:
- completed:
    size: 531718
    url: https://raw.githubusercontent.com/commercialhaskell/stackage-snapshots/master/lts/16/6.yaml
    sha256: 230a7266fc11f76222bd3bb68e9503ed11d553060a752f164bff6753ed03e271
  original: lts-16.6
